
Microsoft Visual Studio Solution File, Format Version 12.00
# Visual Studio Version 16
VisualStudioVersion = 16.0.30204.135
MinimumVisualStudioVersion = 10.0.40219.1
Project("{2150E333-8FDC-42A3-9474-1A3956D46DE8}") = "Global", "Global", "{4881C886-B30A-4D16-B789-4623D2D62BD1}"
	ProjectSection(SolutionItems) = preProject
		.editorconfig = .editorconfig
	EndProjectSection
EndProject
Project("{9A19103F-16F7-4668-BE54-9A1E7A4F7556}") = "XDS.MessagingD", "src\XDS.MessagingD\XDS.MessagingD.csproj", "{53C06C5A-8289-4146-83FE-1B3DE4BE4ED8}"
EndProject
Project("{9A19103F-16F7-4668-BE54-9A1E7A4F7556}") = "XDS.Features.MessagingHost", "src\XDS.Features.MessagingHost\XDS.Features.MessagingHost.csproj", "{86818598-853F-4FFA-A5D2-917A482F1D16}"
EndProject
Project("{9A19103F-16F7-4668-BE54-9A1E7A4F7556}") = "Blockcore", "src\submodules\blockcore\src\Blockcore\Blockcore.csproj", "{CB45352D-2778-4A87-8CE7-0D04F4F3E5CC}"
EndProject
Project("{9A19103F-16F7-4668-BE54-9A1E7A4F7556}") = "NBitcoin", "src\submodules\blockcore\src\External\NBitcoin\NBitcoin.csproj", "{75D00B0F-8310-4492-8C2A-9406FAD5D1A3}"
EndProject
Project("{9A19103F-16F7-4668-BE54-9A1E7A4F7556}") = "Blockcore.Features.BlockStore", "src\submodules\blockcore\src\Features\Blockcore.Features.BlockStore\Blockcore.Features.BlockStore.csproj", "{77A634D0-2E50-45B7-AE4B-1DDC9761BA06}"
EndProject
Project("{9A19103F-16F7-4668-BE54-9A1E7A4F7556}") = "Blockcore.Features.ColdStaking", "src\submodules\blockcore\src\Features\Blockcore.Features.ColdStaking\Blockcore.Features.ColdStaking.csproj", "{632837E2-7526-411E-9AB2-74176575F46D}"
EndProject
Project("{9A19103F-16F7-4668-BE54-9A1E7A4F7556}") = "Blockcore.Features.Diagnostic", "src\submodules\blockcore\src\Features\Blockcore.Features.Diagnostic\Blockcore.Features.Diagnostic.csproj", "{FF1E7007-8816-4DB1-838C-FB945311E2C1}"
EndProject
Project("{9A19103F-16F7-4668-BE54-9A1E7A4F7556}") = "Blockcore.Features.Miner", "src\submodules\blockcore\src\Features\Blockcore.Features.Miner\Blockcore.Features.Miner.csproj", "{C84F9761-4EFB-43ED-96C3-0E8FDAF1B8F5}"
EndProject
Project("{9A19103F-16F7-4668-BE54-9A1E7A4F7556}") = "Blockcore.Features.NodeHost", "src\submodules\blockcore\src\Features\Blockcore.Features.NodeHost\Blockcore.Features.NodeHost.csproj", "{EF29BE62-A364-4EB4-92CD-5CAD3494CEA8}"
EndProject
Project("{9A19103F-16F7-4668-BE54-9A1E7A4F7556}") = "Blockcore.Networks.Xds", "src\submodules\blockcore\src\Networks\Xds\Blockcore.Networks.Xds\Blockcore.Networks.Xds.csproj", "{8450C41D-5A14-455B-B3AE-F0931326261A}"
EndProject
Project("{9A19103F-16F7-4668-BE54-9A1E7A4F7556}") = "Blockcore.Features.Consensus", "src\submodules\blockcore\src\Features\Blockcore.Features.Consensus\Blockcore.Features.Consensus.csproj", "{F0495929-470A-445D-B47B-E0C69C6F89C9}"
EndProject
Project("{9A19103F-16F7-4668-BE54-9A1E7A4F7556}") = "Blockcore.Features.MemoryPool", "src\submodules\blockcore\src\Features\Blockcore.Features.MemoryPool\Blockcore.Features.MemoryPool.csproj", "{E4B6AAE1-A583-4D10-BF80-611AE50DDC89}"
EndProject
Project("{9A19103F-16F7-4668-BE54-9A1E7A4F7556}") = "XdsD", "src\submodules\blockcore\src\Networks\Xds\Xdsd\XdsD.csproj", "{D59AC514-103F-4FD2-92D5-FE057853EE3A}"
EndProject
Project("{9A19103F-16F7-4668-BE54-9A1E7A4F7556}") = "Blockcore.Features.RPC", "src\submodules\blockcore\src\Features\Blockcore.Features.RPC\Blockcore.Features.RPC.csproj", "{E5239845-FAAC-46CB-86E5-B53537BF7E29}"
EndProject
Project("{9A19103F-16F7-4668-BE54-9A1E7A4F7556}") = "Blockcore.Features.Wallet", "src\submodules\blockcore\src\Features\Blockcore.Features.Wallet\Blockcore.Features.Wallet.csproj", "{0CD7673D-3A30-4A0D-B18F-88E584293FF2}"
EndProject
Project("{2150E333-8FDC-42A3-9474-1A3956D46DE8}") = "Submodules", "Submodules", "{CE511120-6C15-4BD4-A489-E256D6D2BBFF}"
EndProject
Project("{2150E333-8FDC-42A3-9474-1A3956D46DE8}") = "blockcore", "blockcore", "{BA4F3E1E-4649-448C-BF62-42EBFCBD07D7}"
EndProject
Project("{2150E333-8FDC-42A3-9474-1A3956D46DE8}") = "xds-sdk", "xds-sdk", "{EFFF261B-C3A0-4D4C-9F5B-6B5D8240615C}"
EndProject
Project("{9A19103F-16F7-4668-BE54-9A1E7A4F7556}") = "XDS.SDK.Messaging.CrossTierTypes", "src\submodules\xds-sdk\src\XDS.SDK.Messaging.CrossTierTypes\XDS.SDK.Messaging.CrossTierTypes.csproj", "{64770BD5-D117-4E1F-B356-5A8DE47E102F}"
EndProject
Project("{9A19103F-16F7-4668-BE54-9A1E7A4F7556}") = "XDS.SDK.Cryptography", "src\submodules\xds-sdk\src\XDS.SDK.Cryptography\XDS.SDK.Cryptography.csproj", "{EAB265CF-5FAB-4EC3-9256-272A29B3BD75}"
EndProject
Project("{FAE04EC0-301F-11D3-BF4B-00C04F79EFBC}") = "XDS.Features.MessagingInfrastructure", "src\XDS.Features.MessagingInfrastructure\XDS.Features.MessagingInfrastructure.csproj", "{17473CED-005F-4B8B-B6D4-F9AAE4C14ACF}"
EndProject
Global
	GlobalSection(SolutionConfigurationPlatforms) = preSolution
		Debug|Any CPU = Debug|Any CPU
		Debug|x64 = Debug|x64
		Release|Any CPU = Release|Any CPU
		Release|x64 = Release|x64
	EndGlobalSection
	GlobalSection(ProjectConfigurationPlatforms) = postSolution
		{53C06C5A-8289-4146-83FE-1B3DE4BE4ED8}.Debug|Any CPU.ActiveCfg = Debug|Any CPU
		{53C06C5A-8289-4146-83FE-1B3DE4BE4ED8}.Debug|Any CPU.Build.0 = Debug|Any CPU
		{53C06C5A-8289-4146-83FE-1B3DE4BE4ED8}.Debug|x64.ActiveCfg = Debug|Any CPU
		{53C06C5A-8289-4146-83FE-1B3DE4BE4ED8}.Debug|x64.Build.0 = Debug|Any CPU
		{53C06C5A-8289-4146-83FE-1B3DE4BE4ED8}.Release|Any CPU.ActiveCfg = Release|Any CPU
		{53C06C5A-8289-4146-83FE-1B3DE4BE4ED8}.Release|Any CPU.Build.0 = Release|Any CPU
		{53C06C5A-8289-4146-83FE-1B3DE4BE4ED8}.Release|x64.ActiveCfg = Release|Any CPU
		{53C06C5A-8289-4146-83FE-1B3DE4BE4ED8}.Release|x64.Build.0 = Release|Any CPU
		{86818598-853F-4FFA-A5D2-917A482F1D16}.Debug|Any CPU.ActiveCfg = Debug|Any CPU
		{86818598-853F-4FFA-A5D2-917A482F1D16}.Debug|Any CPU.Build.0 = Debug|Any CPU
		{86818598-853F-4FFA-A5D2-917A482F1D16}.Debug|x64.ActiveCfg = Debug|Any CPU
		{86818598-853F-4FFA-A5D2-917A482F1D16}.Debug|x64.Build.0 = Debug|Any CPU
		{86818598-853F-4FFA-A5D2-917A482F1D16}.Release|Any CPU.ActiveCfg = Release|Any CPU
		{86818598-853F-4FFA-A5D2-917A482F1D16}.Release|Any CPU.Build.0 = Release|Any CPU
		{86818598-853F-4FFA-A5D2-917A482F1D16}.Release|x64.ActiveCfg = Release|Any CPU
		{86818598-853F-4FFA-A5D2-917A482F1D16}.Release|x64.Build.0 = Release|Any CPU
		{CB45352D-2778-4A87-8CE7-0D04F4F3E5CC}.Debug|Any CPU.ActiveCfg = Debug|Any CPU
		{CB45352D-2778-4A87-8CE7-0D04F4F3E5CC}.Debug|Any CPU.Build.0 = Debug|Any CPU
		{CB45352D-2778-4A87-8CE7-0D04F4F3E5CC}.Debug|x64.ActiveCfg = Debug|Any CPU
		{CB45352D-2778-4A87-8CE7-0D04F4F3E5CC}.Debug|x64.Build.0 = Debug|Any CPU
		{CB45352D-2778-4A87-8CE7-0D04F4F3E5CC}.Release|Any CPU.ActiveCfg = Release|Any CPU
		{CB45352D-2778-4A87-8CE7-0D04F4F3E5CC}.Release|Any CPU.Build.0 = Release|Any CPU
		{CB45352D-2778-4A87-8CE7-0D04F4F3E5CC}.Release|x64.ActiveCfg = Release|Any CPU
		{CB45352D-2778-4A87-8CE7-0D04F4F3E5CC}.Release|x64.Build.0 = Release|Any CPU
		{75D00B0F-8310-4492-8C2A-9406FAD5D1A3}.Debug|Any CPU.ActiveCfg = Debug|Any CPU
		{75D00B0F-8310-4492-8C2A-9406FAD5D1A3}.Debug|Any CPU.Build.0 = Debug|Any CPU
		{75D00B0F-8310-4492-8C2A-9406FAD5D1A3}.Debug|x64.ActiveCfg = Debug|Any CPU
		{75D00B0F-8310-4492-8C2A-9406FAD5D1A3}.Debug|x64.Build.0 = Debug|Any CPU
		{75D00B0F-8310-4492-8C2A-9406FAD5D1A3}.Release|Any CPU.ActiveCfg = Release|Any CPU
		{75D00B0F-8310-4492-8C2A-9406FAD5D1A3}.Release|Any CPU.Build.0 = Release|Any CPU
		{75D00B0F-8310-4492-8C2A-9406FAD5D1A3}.Release|x64.ActiveCfg = Release|Any CPU
		{75D00B0F-8310-4492-8C2A-9406FAD5D1A3}.Release|x64.Build.0 = Release|Any CPU
		{77A634D0-2E50-45B7-AE4B-1DDC9761BA06}.Debug|Any CPU.ActiveCfg = Debug|Any CPU
		{77A634D0-2E50-45B7-AE4B-1DDC9761BA06}.Debug|Any CPU.Build.0 = Debug|Any CPU
		{77A634D0-2E50-45B7-AE4B-1DDC9761BA06}.Debug|x64.ActiveCfg = Debug|Any CPU
		{77A634D0-2E50-45B7-AE4B-1DDC9761BA06}.Debug|x64.Build.0 = Debug|Any CPU
		{77A634D0-2E50-45B7-AE4B-1DDC9761BA06}.Release|Any CPU.ActiveCfg = Release|Any CPU
		{77A634D0-2E50-45B7-AE4B-1DDC9761BA06}.Release|Any CPU.Build.0 = Release|Any CPU
		{77A634D0-2E50-45B7-AE4B-1DDC9761BA06}.Release|x64.ActiveCfg = Release|Any CPU
		{77A634D0-2E50-45B7-AE4B-1DDC9761BA06}.Release|x64.Build.0 = Release|Any CPU
		{632837E2-7526-411E-9AB2-74176575F46D}.Debug|Any CPU.ActiveCfg = Debug|Any CPU
		{632837E2-7526-411E-9AB2-74176575F46D}.Debug|Any CPU.Build.0 = Debug|Any CPU
		{632837E2-7526-411E-9AB2-74176575F46D}.Debug|x64.ActiveCfg = Debug|Any CPU
		{632837E2-7526-411E-9AB2-74176575F46D}.Debug|x64.Build.0 = Debug|Any CPU
		{632837E2-7526-411E-9AB2-74176575F46D}.Release|Any CPU.ActiveCfg = Release|Any CPU
		{632837E2-7526-411E-9AB2-74176575F46D}.Release|Any CPU.Build.0 = Release|Any CPU
		{632837E2-7526-411E-9AB2-74176575F46D}.Release|x64.ActiveCfg = Release|Any CPU
		{632837E2-7526-411E-9AB2-74176575F46D}.Release|x64.Build.0 = Release|Any CPU
		{FF1E7007-8816-4DB1-838C-FB945311E2C1}.Debug|Any CPU.ActiveCfg = Debug|Any CPU
		{FF1E7007-8816-4DB1-838C-FB945311E2C1}.Debug|Any CPU.Build.0 = Debug|Any CPU
		{FF1E7007-8816-4DB1-838C-FB945311E2C1}.Debug|x64.ActiveCfg = Debug|Any CPU
		{FF1E7007-8816-4DB1-838C-FB945311E2C1}.Debug|x64.Build.0 = Debug|Any CPU
		{FF1E7007-8816-4DB1-838C-FB945311E2C1}.Release|Any CPU.ActiveCfg = Release|Any CPU
		{FF1E7007-8816-4DB1-838C-FB945311E2C1}.Release|Any CPU.Build.0 = Release|Any CPU
		{FF1E7007-8816-4DB1-838C-FB945311E2C1}.Release|x64.ActiveCfg = Release|Any CPU
		{FF1E7007-8816-4DB1-838C-FB945311E2C1}.Release|x64.Build.0 = Release|Any CPU
		{C84F9761-4EFB-43ED-96C3-0E8FDAF1B8F5}.Debug|Any CPU.ActiveCfg = Debug|Any CPU
		{C84F9761-4EFB-43ED-96C3-0E8FDAF1B8F5}.Debug|Any CPU.Build.0 = Debug|Any CPU
		{C84F9761-4EFB-43ED-96C3-0E8FDAF1B8F5}.Debug|x64.ActiveCfg = Debug|Any CPU
		{C84F9761-4EFB-43ED-96C3-0E8FDAF1B8F5}.Debug|x64.Build.0 = Debug|Any CPU
		{C84F9761-4EFB-43ED-96C3-0E8FDAF1B8F5}.Release|Any CPU.ActiveCfg = Release|Any CPU
		{C84F9761-4EFB-43ED-96C3-0E8FDAF1B8F5}.Release|Any CPU.Build.0 = Release|Any CPU
		{C84F9761-4EFB-43ED-96C3-0E8FDAF1B8F5}.Release|x64.ActiveCfg = Release|Any CPU
		{C84F9761-4EFB-43ED-96C3-0E8FDAF1B8F5}.Release|x64.Build.0 = Release|Any CPU
		{EF29BE62-A364-4EB4-92CD-5CAD3494CEA8}.Debug|Any CPU.ActiveCfg = Debug|Any CPU
		{EF29BE62-A364-4EB4-92CD-5CAD3494CEA8}.Debug|Any CPU.Build.0 = Debug|Any CPU
		{EF29BE62-A364-4EB4-92CD-5CAD3494CEA8}.Debug|x64.ActiveCfg = Debug|Any CPU
		{EF29BE62-A364-4EB4-92CD-5CAD3494CEA8}.Debug|x64.Build.0 = Debug|Any CPU
		{EF29BE62-A364-4EB4-92CD-5CAD3494CEA8}.Release|Any CPU.ActiveCfg = Release|Any CPU
		{EF29BE62-A364-4EB4-92CD-5CAD3494CEA8}.Release|Any CPU.Build.0 = Release|Any CPU
		{EF29BE62-A364-4EB4-92CD-5CAD3494CEA8}.Release|x64.ActiveCfg = Release|Any CPU
		{EF29BE62-A364-4EB4-92CD-5CAD3494CEA8}.Release|x64.Build.0 = Release|Any CPU
		{8450C41D-5A14-455B-B3AE-F0931326261A}.Debug|Any CPU.ActiveCfg = Debug|Any CPU
		{8450C41D-5A14-455B-B3AE-F0931326261A}.Debug|Any CPU.Build.0 = Debug|Any CPU
		{8450C41D-5A14-455B-B3AE-F0931326261A}.Debug|x64.ActiveCfg = Debug|Any CPU
		{8450C41D-5A14-455B-B3AE-F0931326261A}.Debug|x64.Build.0 = Debug|Any CPU
		{8450C41D-5A14-455B-B3AE-F0931326261A}.Release|Any CPU.ActiveCfg = Release|Any CPU
		{8450C41D-5A14-455B-B3AE-F0931326261A}.Release|Any CPU.Build.0 = Release|Any CPU
		{8450C41D-5A14-455B-B3AE-F0931326261A}.Release|x64.ActiveCfg = Release|Any CPU
		{8450C41D-5A14-455B-B3AE-F0931326261A}.Release|x64.Build.0 = Release|Any CPU
		{F0495929-470A-445D-B47B-E0C69C6F89C9}.Debug|Any CPU.ActiveCfg = Debug|Any CPU
		{F0495929-470A-445D-B47B-E0C69C6F89C9}.Debug|Any CPU.Build.0 = Debug|Any CPU
		{F0495929-470A-445D-B47B-E0C69C6F89C9}.Debug|x64.ActiveCfg = Debug|Any CPU
		{F0495929-470A-445D-B47B-E0C69C6F89C9}.Debug|x64.Build.0 = Debug|Any CPU
		{F0495929-470A-445D-B47B-E0C69C6F89C9}.Release|Any CPU.ActiveCfg = Release|Any CPU
		{F0495929-470A-445D-B47B-E0C69C6F89C9}.Release|Any CPU.Build.0 = Release|Any CPU
		{F0495929-470A-445D-B47B-E0C69C6F89C9}.Release|x64.ActiveCfg = Release|Any CPU
		{F0495929-470A-445D-B47B-E0C69C6F89C9}.Release|x64.Build.0 = Release|Any CPU
		{E4B6AAE1-A583-4D10-BF80-611AE50DDC89}.Debug|Any CPU.ActiveCfg = Debug|Any CPU
		{E4B6AAE1-A583-4D10-BF80-611AE50DDC89}.Debug|Any CPU.Build.0 = Debug|Any CPU
		{E4B6AAE1-A583-4D10-BF80-611AE50DDC89}.Debug|x64.ActiveCfg = Debug|Any CPU
		{E4B6AAE1-A583-4D10-BF80-611AE50DDC89}.Debug|x64.Build.0 = Debug|Any CPU
		{E4B6AAE1-A583-4D10-BF80-611AE50DDC89}.Release|Any CPU.ActiveCfg = Release|Any CPU
		{E4B6AAE1-A583-4D10-BF80-611AE50DDC89}.Release|Any CPU.Build.0 = Release|Any CPU
		{E4B6AAE1-A583-4D10-BF80-611AE50DDC89}.Release|x64.ActiveCfg = Release|Any CPU
		{E4B6AAE1-A583-4D10-BF80-611AE50DDC89}.Release|x64.Build.0 = Release|Any CPU
		{D59AC514-103F-4FD2-92D5-FE057853EE3A}.Debug|Any CPU.ActiveCfg = Debug|Any CPU
		{D59AC514-103F-4FD2-92D5-FE057853EE3A}.Debug|Any CPU.Build.0 = Debug|Any CPU
		{D59AC514-103F-4FD2-92D5-FE057853EE3A}.Debug|x64.ActiveCfg = Debug|Any CPU
		{D59AC514-103F-4FD2-92D5-FE057853EE3A}.Debug|x64.Build.0 = Debug|Any CPU
		{D59AC514-103F-4FD2-92D5-FE057853EE3A}.Release|Any CPU.ActiveCfg = Release|Any CPU
		{D59AC514-103F-4FD2-92D5-FE057853EE3A}.Release|Any CPU.Build.0 = Release|Any CPU
		{D59AC514-103F-4FD2-92D5-FE057853EE3A}.Release|x64.ActiveCfg = Release|Any CPU
		{D59AC514-103F-4FD2-92D5-FE057853EE3A}.Release|x64.Build.0 = Release|Any CPU
		{E5239845-FAAC-46CB-86E5-B53537BF7E29}.Debug|Any CPU.ActiveCfg = Debug|Any CPU
		{E5239845-FAAC-46CB-86E5-B53537BF7E29}.Debug|Any CPU.Build.0 = Debug|Any CPU
		{E5239845-FAAC-46CB-86E5-B53537BF7E29}.Debug|x64.ActiveCfg = Debug|Any CPU
		{E5239845-FAAC-46CB-86E5-B53537BF7E29}.Debug|x64.Build.0 = Debug|Any CPU
		{E5239845-FAAC-46CB-86E5-B53537BF7E29}.Release|Any CPU.ActiveCfg = Release|Any CPU
		{E5239845-FAAC-46CB-86E5-B53537BF7E29}.Release|Any CPU.Build.0 = Release|Any CPU
		{E5239845-FAAC-46CB-86E5-B53537BF7E29}.Release|x64.ActiveCfg = Release|Any CPU
		{E5239845-FAAC-46CB-86E5-B53537BF7E29}.Release|x64.Build.0 = Release|Any CPU
		{0CD7673D-3A30-4A0D-B18F-88E584293FF2}.Debug|Any CPU.ActiveCfg = Debug|Any CPU
		{0CD7673D-3A30-4A0D-B18F-88E584293FF2}.Debug|Any CPU.Build.0 = Debug|Any CPU
		{0CD7673D-3A30-4A0D-B18F-88E584293FF2}.Debug|x64.ActiveCfg = Debug|Any CPU
		{0CD7673D-3A30-4A0D-B18F-88E584293FF2}.Debug|x64.Build.0 = Debug|Any CPU
		{0CD7673D-3A30-4A0D-B18F-88E584293FF2}.Release|Any CPU.ActiveCfg = Release|Any CPU
		{0CD7673D-3A30-4A0D-B18F-88E584293FF2}.Release|Any CPU.Build.0 = Release|Any CPU
		{0CD7673D-3A30-4A0D-B18F-88E584293FF2}.Release|x64.ActiveCfg = Release|Any CPU
		{0CD7673D-3A30-4A0D-B18F-88E584293FF2}.Release|x64.Build.0 = Release|Any CPU
		{64770BD5-D117-4E1F-B356-5A8DE47E102F}.Debug|Any CPU.ActiveCfg = Debug|Any CPU
		{64770BD5-D117-4E1F-B356-5A8DE47E102F}.Debug|Any CPU.Build.0 = Debug|Any CPU
		{64770BD5-D117-4E1F-B356-5A8DE47E102F}.Debug|x64.ActiveCfg = Debug|x64
		{64770BD5-D117-4E1F-B356-5A8DE47E102F}.Debug|x64.Build.0 = Debug|x64
		{64770BD5-D117-4E1F-B356-5A8DE47E102F}.Release|Any CPU.ActiveCfg = Release|Any CPU
		{64770BD5-D117-4E1F-B356-5A8DE47E102F}.Release|Any CPU.Build.0 = Release|Any CPU
		{64770BD5-D117-4E1F-B356-5A8DE47E102F}.Release|x64.ActiveCfg = Release|x64
		{64770BD5-D117-4E1F-B356-5A8DE47E102F}.Release|x64.Build.0 = Release|x64
		{EAB265CF-5FAB-4EC3-9256-272A29B3BD75}.Debug|Any CPU.ActiveCfg = Debug|Any CPU
		{EAB265CF-5FAB-4EC3-9256-272A29B3BD75}.Debug|Any CPU.Build.0 = Debug|Any CPU
		{EAB265CF-5FAB-4EC3-9256-272A29B3BD75}.Debug|x64.ActiveCfg = Debug|x64
		{EAB265CF-5FAB-4EC3-9256-272A29B3BD75}.Debug|x64.Build.0 = Debug|x64
		{EAB265CF-5FAB-4EC3-9256-272A29B3BD75}.Release|Any CPU.ActiveCfg = Release|Any CPU
		{EAB265CF-5FAB-4EC3-9256-272A29B3BD75}.Release|Any CPU.Build.0 = Release|Any CPU
		{EAB265CF-5FAB-4EC3-9256-272A29B3BD75}.Release|x64.ActiveCfg = Release|x64
		{EAB265CF-5FAB-4EC3-9256-272A29B3BD75}.Release|x64.Build.0 = Release|x64
		{17473CED-005F-4B8B-B6D4-F9AAE4C14ACF}.Debug|Any CPU.ActiveCfg = Debug|Any CPU
		{17473CED-005F-4B8B-B6D4-F9AAE4C14ACF}.Debug|Any CPU.Build.0 = Debug|Any CPU
		{17473CED-005F-4B8B-B6D4-F9AAE4C14ACF}.Debug|x64.ActiveCfg = Debug|Any CPU
		{17473CED-005F-4B8B-B6D4-F9AAE4C14ACF}.Debug|x64.Build.0 = Debug|Any CPU
		{17473CED-005F-4B8B-B6D4-F9AAE4C14ACF}.Release|Any CPU.ActiveCfg = Release|Any CPU
		{17473CED-005F-4B8B-B6D4-F9AAE4C14ACF}.Release|Any CPU.Build.0 = Release|Any CPU
		{17473CED-005F-4B8B-B6D4-F9AAE4C14ACF}.Release|x64.ActiveCfg = Release|Any CPU
		{17473CED-005F-4B8B-B6D4-F9AAE4C14ACF}.Release|x64.Build.0 = Release|Any CPU
	EndGlobalSection
	GlobalSection(SolutionProperties) = preSolution
		HideSolutionNode = FALSE
	EndGlobalSection
	GlobalSection(NestedProjects) = preSolution
		{CB45352D-2778-4A87-8CE7-0D04F4F3E5CC} = {BA4F3E1E-4649-448C-BF62-42EBFCBD07D7}
		{75D00B0F-8310-4492-8C2A-9406FAD5D1A3} = {BA4F3E1E-4649-448C-BF62-42EBFCBD07D7}
		{77A634D0-2E50-45B7-AE4B-1DDC9761BA06} = {BA4F3E1E-4649-448C-BF62-42EBFCBD07D7}
		{632837E2-7526-411E-9AB2-74176575F46D} = {BA4F3E1E-4649-448C-BF62-42EBFCBD07D7}
		{FF1E7007-8816-4DB1-838C-FB945311E2C1} = {BA4F3E1E-4649-448C-BF62-42EBFCBD07D7}
		{C84F9761-4EFB-43ED-96C3-0E8FDAF1B8F5} = {BA4F3E1E-4649-448C-BF62-42EBFCBD07D7}
		{EF29BE62-A364-4EB4-92CD-5CAD3494CEA8} = {BA4F3E1E-4649-448C-BF62-42EBFCBD07D7}
		{8450C41D-5A14-455B-B3AE-F0931326261A} = {BA4F3E1E-4649-448C-BF62-42EBFCBD07D7}
		{F0495929-470A-445D-B47B-E0C69C6F89C9} = {BA4F3E1E-4649-448C-BF62-42EBFCBD07D7}
		{E4B6AAE1-A583-4D10-BF80-611AE50DDC89} = {BA4F3E1E-4649-448C-BF62-42EBFCBD07D7}
		{D59AC514-103F-4FD2-92D5-FE057853EE3A} = {BA4F3E1E-4649-448C-BF62-42EBFCBD07D7}
		{E5239845-FAAC-46CB-86E5-B53537BF7E29} = {BA4F3E1E-4649-448C-BF62-42EBFCBD07D7}
		{0CD7673D-3A30-4A0D-B18F-88E584293FF2} = {BA4F3E1E-4649-448C-BF62-42EBFCBD07D7}
		{BA4F3E1E-4649-448C-BF62-42EBFCBD07D7} = {CE511120-6C15-4BD4-A489-E256D6D2BBFF}
		{EFFF261B-C3A0-4D4C-9F5B-6B5D8240615C} = {CE511120-6C15-4BD4-A489-E256D6D2BBFF}
		{64770BD5-D117-4E1F-B356-5A8DE47E102F} = {EFFF261B-C3A0-4D4C-9F5B-6B5D8240615C}
		{EAB265CF-5FAB-4EC3-9256-272A29B3BD75} = {EFFF261B-C3A0-4D4C-9F5B-6B5D8240615C}
	EndGlobalSection
	GlobalSection(ExtensibilityGlobals) = postSolution
		SolutionGuid = {CBA18ED0-9588-4BC0-939A-4E9E827D0438}
	EndGlobalSection
EndGlobal
